
Microsoft Visual Studio Solution File, Format Version 12.00
# Visual Studio Version 16
VisualStudioVersion = 16.0.30717.126
MinimumVisualStudioVersion = 10.0.40219.1
Project("{FAE04EC0-301F-11D3-BF4B-00C04F79EFBC}") = "Quizzy.WebApp", "Quizzy.WebApp.csproj", "{30D4FD00-5954-487C-A0AD-4E5EB706106E}"
EndProject
Global
	GlobalSection(SolutionConfigurationPlatforms) = preSolution
		Debug|Any CPU = Debug|Any CPU
		Release|Any CPU = Release|Any CPU
	EndGlobalSection
	GlobalSection(ProjectConfigurationPlatforms) = postSolution
		{30D4FD00-5954-487C-A0AD-4E5EB706106E}.Debug|Any CPU.ActiveCfg = Debug|Any CPU
		{30D4FD00-5954-487C-A0AD-4E5EB706106E}.Debug|Any CPU.Build.0 = Debug|Any CPU
		{30D4FD00-5954-487C-A0AD-4E5EB706106E}.Release|Any CPU.ActiveCfg = Release|Any CPU
		{30D4FD00-5954-487C-A0AD-4E5EB706106E}.Release|Any CPU.Build.0 = Release|Any CPU
	EndGlobalSection
	GlobalSection(SolutionProperties) = preSolution
		HideSolutionNode = FALSE
	EndGlobalSection
	GlobalSection(ExtensibilityGlobals) = postSolution
		SolutionGuid = {32BA450A-5426-4091-BC57-998BED7C2081}
	EndGlobalSection
EndGlobal
